{
  "pins" : [
    {
      "identity" : "sdwebimage",
      "kind" : "remoteSourceControl",
      "location" : "https://github.com/SDWebImage/SDWebImage.git",
      "state" : {
        "revision" : "80683c20d8f15e10ac1ce605cca5008a295846bd",
        "version" : "5.14.1"
      }
    },
    {
      "identity" : "sdwebimageswiftui",
      "kind" : "remoteSourceControl",
      "location" : "https://github.com/SDWebImage/SDWebImageSwiftUI",
      "state" : {
        "branch" : "master",
        "revision" : "ed288667c909c89127ab1b690113a3e397af3098"
      }
    },
    {
      "identity" : "swiftui-shimmer",
      "kind" : "remoteSourceControl",
      "location" : "https://github.com/markiv/SwiftUI-Shimmer",
      "state" : {
        "branch" : "main",
        "revision" : "965a7cbcbf094cbcf22b9251a2323bdc3432e171"
      }
    }
  ],
  "version" : 2
}
