// !$*UTF8*$!
{
	archiveVersion = 1;
	classes = {
	};
	objectVersion = 56;
	objects = {

/* Begin PBXBuildFile section */
		A828C7502920D0210090B6A4 /* MovieCardView.swift in Sources */ = {isa = PBXBuildFile; fileRef = A828C74F2920D0210090B6A4 /* MovieCardView.swift */; };
		A828C7552920D3000090B6A4 /* MovieDetailsView.swift in Sources */ = {isa = PBXBuildFile; fileRef = A828C7542920D3000090B6A4 /* MovieDetailsView.swift */; };
		A828C75729211D850090B6A4 /* MovieModel.swift in Sources */ = {isa = PBXBuildFile; fileRef = A828C75629211D850090B6A4 /* MovieModel.swift */; };
		A828C75929211DCD0090B6A4 /* VM_HomeView.swift in Sources */ = {isa = PBXBuildFile; fileRef = A828C75829211DCD0090B6A4 /* VM_HomeView.swift */; };
		A828C75C292121CC0090B6A4 /* PreviewProvider.swift in Sources */ = {isa = PBXBuildFile; fileRef = A828C75B292121CC0090B6A4 /* PreviewProvider.swift */; };
		A828C75F292124190090B6A4 /* SDWebImageSwiftUI in Frameworks */ = {isa = PBXBuildFile; productRef = A828C75E292124190090B6A4 /* SDWebImageSwiftUI */; };
		A828C7612921317E0090B6A4 /* Date.swift in Sources */ = {isa = PBXBuildFile; fileRef = A828C7602921317E0090B6A4 /* Date.swift */; };
		A828C763292133AE0090B6A4 /* String.swift in Sources */ = {isa = PBXBuildFile; fileRef = A828C762292133AE0090B6A4 /* String.swift */; };
		A8A37EBA291FAF6200389AFD /* MovieDatabaseApp.swift in Sources */ = {isa = PBXBuildFile; fileRef = A8A37EB9291FAF6200389AFD /* MovieDatabaseApp.swift */; };
		A8A37EBC291FAF6200389AFD /* ContentView.swift in Sources */ = {isa = PBXBuildFile; fileRef = A8A37EBB291FAF6200389AFD /* ContentView.swift */; };
		A8A37EBE291FAF6500389AFD /* Assets.xcassets in Resources */ = {isa = PBXBuildFile; fileRef = A8A37EBD291FAF6500389AFD /* Assets.xcassets */; };
		A8A37EC1291FAF6500389AFD /* Preview Assets.xcassets in Resources */ = {isa = PBXBuildFile; fileRef = A8A37EC0291FAF6500389AFD /* Preview Assets.xcassets */; };
		A8A37ECA291FB00800389AFD /* Global.swift in Sources */ = {isa = PBXBuildFile; fileRef = A8A37EC9291FB00800389AFD /* Global.swift */; };
		A8A37ECF291FB22200389AFD /* HomeView.swift in Sources */ = {isa = PBXBuildFile; fileRef = A8A37ECE291FB22200389AFD /* HomeView.swift */; };
		A8A37ED2291FC8A500389AFD /* NetworkingManager.swift in Sources */ = {isa = PBXBuildFile; fileRef = A8A37ED1291FC8A500389AFD /* NetworkingManager.swift */; };
		A8A37ED5291FC8E400389AFD /* MovieListDataService.swift in Sources */ = {isa = PBXBuildFile; fileRef = A8A37ED4291FC8E400389AFD /* MovieListDataService.swift */; };
		A8B3621D2923A2650003E3C9 /* Int.swift in Sources */ = {isa = PBXBuildFile; fileRef = A8B3621C2923A2650003E3C9 /* Int.swift */; };
		A8B3621F2923AEE90003E3C9 /* SimilarMoviesListDataService.swift in Sources */ = {isa = PBXBuildFile; fileRef = A8B3621E2923AEE90003E3C9 /* SimilarMoviesListDataService.swift */; };
		A8BF74202922503600DE0B77 /* MovieDetailsDataService.swift in Sources */ = {isa = PBXBuildFile; fileRef = A8BF741F2922503600DE0B77 /* MovieDetailsDataService.swift */; };
		A8BF7422292250FE00DE0B77 /* MovieDetailModel.swift in Sources */ = {isa = PBXBuildFile; fileRef = A8BF7421292250FE00DE0B77 /* MovieDetailModel.swift */; };
		A8BF74242922548300DE0B77 /* VM_MovieDetailsView.swift in Sources */ = {isa = PBXBuildFile; fileRef = A8BF74232922548300DE0B77 /* VM_MovieDetailsView.swift */; };
		A8BF74262922871F00DE0B77 /* DetailsCompanyCardView.swift in Sources */ = {isa = PBXBuildFile; fileRef = A8BF74252922871F00DE0B77 /* DetailsCompanyCardView.swift */; };
/* End PBXBuildFile section */

/* Begin PBXFileReference section */
		A828C74F2920D0210090B6A4 /* MovieCardView.swift */ = {isa = PBXFileReference; lastKnownFileType = sourcecode.swift; path = MovieCardView.swift; sourceTree = "<group>"; };
		A828C7542920D3000090B6A4 /* MovieDetailsView.swift */ = {isa = PBXFileReference; lastKnownFileType = sourcecode.swift; path = MovieDetailsView.swift; sourceTree = "<group>"; };
		A828C75629211D850090B6A4 /* MovieModel.swift */ = {isa = PBXFileReference; lastKnownFileType = sourcecode.swift; path = MovieModel.swift; sourceTree = "<group>"; };
		A828C75829211DCD0090B6A4 /* VM_HomeView.swift */ = {isa = PBXFileReference; lastKnownFileType = sourcecode.swift; path = VM_HomeView.swift; sourceTree = "<group>"; };
		A828C75B292121CC0090B6A4 /* PreviewProvider.swift */ = {isa = PBXFileReference; lastKnownFileType = sourcecode.swift; path = PreviewProvider.swift; sourceTree = "<group>"; };
		A828C7602921317E0090B6A4 /* Date.swift */ = {isa = PBXFileReference; lastKnownFileType = sourcecode.swift; path = Date.swift; sourceTree = "<group>"; };
		A828C762292133AE0090B6A4 /* String.swift */ = {isa = PBXFileReference; lastKnownFileType = sourcecode.swift; path = String.swift; sourceTree = "<group>"; };
		A8A37EB6291FAF6200389AFD /* MovieDatabase.app */ = {isa = PBXFileReference; explicitFileType = wrapper.application; includeInIndex = 0; path = MovieDatabase.app; sourceTree = BUILT_PRODUCTS_DIR; };
		A8A37EB9291FAF6200389AFD /* MovieDatabaseApp.swift */ = {isa = PBXFileReference; lastKnownFileType = sourcecode.swift; path = MovieDatabaseApp.swift; sourceTree = "<group>"; };
		A8A37EBB291FAF6200389AFD /* ContentView.swift */ = {isa = PBXFileReference; lastKnownFileType = sourcecode.swift; path = ContentView.swift; sourceTree = "<group>"; };
		A8A37EBD291FAF6500389AFD /* Assets.xcassets */ = {isa = PBXFileReference; lastKnownFileType = folder.assetcatalog; path = Assets.xcassets; sourceTree = "<group>"; };
		A8A37EC0291FAF6500389AFD /* Preview Assets.xcassets */ = {isa = PBXFileReference; lastKnownFileType = folder.assetcatalog; path = "Preview Assets.xcassets"; sourceTree = "<group>"; };
		A8A37EC9291FB00800389AFD /* Global.swift */ = {isa = PBXFileReference; lastKnownFileType = sourcecode.swift; path = Global.swift; sourceTree = "<group>"; };
		A8A37ECE291FB22200389AFD /* HomeView.swift */ = {isa = PBXFileReference; lastKnownFileType = sourcecode.swift; path = HomeView.swift; sourceTree = "<group>"; };
		A8A37ED1291FC8A500389AFD /* NetworkingManager.swift */ = {isa = PBXFileReference; lastKnownFileType = sourcecode.swift; path = NetworkingManager.swift; sourceTree = "<group>"; };
		A8A37ED4291FC8E400389AFD /* MovieListDataService.swift */ = {isa = PBXFileReference; lastKnownFileType = sourcecode.swift; path = MovieListDataService.swift; sourceTree = "<group>"; };
		A8B3621C2923A2650003E3C9 /* Int.swift */ = {isa = PBXFileReference; lastKnownFileType = sourcecode.swift; path = Int.swift; sourceTree = "<group>"; };
		A8B3621E2923AEE90003E3C9 /* SimilarMoviesListDataService.swift */ = {isa = PBXFileReference; lastKnownFileType = sourcecode.swift; path = SimilarMoviesListDataService.swift; sourceTree = "<group>"; };
		A8BF741F2922503600DE0B77 /* MovieDetailsDataService.swift */ = {isa = PBXFileReference; lastKnownFileType = sourcecode.swift; path = MovieDetailsDataService.swift; sourceTree = "<group>"; };
		A8BF7421292250FE00DE0B77 /* MovieDetailModel.swift */ = {isa = PBXFileReference; lastKnownFileType = sourcecode.swift; path = MovieDetailModel.swift; sourceTree = "<group>"; };
		A8BF74232922548300DE0B77 /* VM_MovieDetailsView.swift */ = {isa = PBXFileReference; lastKnownFileType = sourcecode.swift; path = VM_MovieDetailsView.swift; sourceTree = "<group>"; };
		A8BF74252922871F00DE0B77 /* DetailsCompanyCardView.swift */ = {isa = PBXFileReference; lastKnownFileType = sourcecode.swift; path = DetailsCompanyCardView.swift; sourceTree = "<group>"; };
/* End PBXFileReference section */

/* Begin PBXFrameworksBuildPhase section */
		A8A37EB3291FAF6200389AFD /* Frameworks */ = {
			isa = PBXFrameworksBuildPhase;
			buildActionMask = 2147483647;
			files = (
				A828C75F292124190090B6A4 /* SDWebImageSwiftUI in Frameworks */,
			);
			runOnlyForDeploymentPostprocessing = 0;
		};
/* End PBXFrameworksBuildPhase section */

/* Begin PBXGroup section */
		A828C7512920D2DD0090B6A4 /* MovieDetails */ = {
			isa = PBXGroup;
			children = (
				A828C7532920D2F30090B6A4 /* ViewModel */,
				A828C7522920D2F10090B6A4 /* View */,
			);
			path = MovieDetails;
			sourceTree = "<group>";
		};
		A828C7522920D2F10090B6A4 /* View */ = {
			isa = PBXGroup;
			children = (
				A828C7542920D3000090B6A4 /* MovieDetailsView.swift */,
				A8BF74252922871F00DE0B77 /* DetailsCompanyCardView.swift */,
			);
			path = View;
			sourceTree = "<group>";
		};
		A828C7532920D2F30090B6A4 /* ViewModel */ = {
			isa = PBXGroup;
			children = (
				A8BF74232922548300DE0B77 /* VM_MovieDetailsView.swift */,
			);
			path = ViewModel;
			sourceTree = "<group>";
		};
		A828C75A292121BE0090B6A4 /* Extensions */ = {
			isa = PBXGroup;
			children = (
				A828C75B292121CC0090B6A4 /* PreviewProvider.swift */,
				A828C7602921317E0090B6A4 /* Date.swift */,
				A828C762292133AE0090B6A4 /* String.swift */,
				A8B3621C2923A2650003E3C9 /* Int.swift */,
			);
			path = Extensions;
			sourceTree = "<group>";
		};
		A8A37EAD291FAF6200389AFD = {
			isa = PBXGroup;
			children = (
				A8A37EB8291FAF6200389AFD /* MovieDatabase */,
				A8A37EB7291FAF6200389AFD /* Products */,
			);
			sourceTree = "<group>";
		};
		A8A37EB7291FAF6200389AFD /* Products */ = {
			isa = PBXGroup;
			children = (
				A8A37EB6291FAF6200389AFD /* MovieDatabase.app */,
			);
			name = Products;
			sourceTree = "<group>";
		};
		A8A37EB8291FAF6200389AFD /* MovieDatabase */ = {
			isa = PBXGroup;
			children = (
				A828C75A292121BE0090B6A4 /* Extensions */,
				A8A37ED3291FC8D300389AFD /* Services */,
				A8A37ED0291FC66400389AFD /* Networking */,
				A8A37EC8291FAFED00389AFD /* Model */,
				A8A37EC7291FAFE000389AFD /* Core */,
				A8A37EB9291FAF6200389AFD /* MovieDatabaseApp.swift */,
				A8A37EC9291FB00800389AFD /* Global.swift */,
				A8A37EBB291FAF6200389AFD /* ContentView.swift */,
				A8A37EBD291FAF6500389AFD /* Assets.xcassets */,
				A8A37EBF291FAF6500389AFD /* Preview Content */,
			);
			path = MovieDatabase;
			sourceTree = "<group>";
		};
		A8A37EBF291FAF6500389AFD /* Preview Content */ = {
			isa = PBXGroup;
			children = (
				A8A37EC0291FAF6500389AFD /* Preview Assets.xcassets */,
			);
			path = "Preview Content";
			sourceTree = "<group>";
		};
		A8A37EC7291FAFE000389AFD /* Core */ = {
			isa = PBXGroup;
			children = (
				A828C7512920D2DD0090B6A4 /* MovieDetails */,
				A8A37ECB291FB20F00389AFD /* Home */,
			);
			path = Core;
			sourceTree = "<group>";
		};
		A8A37EC8291FAFED00389AFD /* Model */ = {
			isa = PBXGroup;
			children = (
				A828C75629211D850090B6A4 /* MovieModel.swift */,
				A8BF7421292250FE00DE0B77 /* MovieDetailModel.swift */,
			);
			path = Model;
			sourceTree = "<group>";
		};
		A8A37ECB291FB20F00389AFD /* Home */ = {
			isa = PBXGroup;
			children = (
				A8A37ECD291FB21800389AFD /* ViewModel */,
				A8A37ECC291FB21500389AFD /* View */,
			);
			path = Home;
			sourceTree = "<group>";
		};
		A8A37ECC291FB21500389AFD /* View */ = {
			isa = PBXGroup;
			children = (
				A8A37ECE291FB22200389AFD /* HomeView.swift */,
				A828C74F2920D0210090B6A4 /* MovieCardView.swift */,
			);
			path = View;
			sourceTree = "<group>";
		};
		A8A37ECD291FB21800389AFD /* ViewModel */ = {
			isa = PBXGroup;
			children = (
				A828C75829211DCD0090B6A4 /* VM_HomeView.swift */,
			);
			path = ViewModel;
			sourceTree = "<group>";
		};
		A8A37ED0291FC66400389AFD /* Networking */ = {
			isa = PBXGroup;
			children = (
				A8A37ED1291FC8A500389AFD /* NetworkingManager.swift */,
			);
			path = Networking;
			sourceTree = "<group>";
		};
		A8A37ED3291FC8D300389AFD /* Services */ = {
			isa = PBXGroup;
			children = (
				A8A37ED4291FC8E400389AFD /* MovieListDataService.swift */,
				A8BF741F2922503600DE0B77 /* MovieDetailsDataService.swift */,
				A8B3621E2923AEE90003E3C9 /* SimilarMoviesListDataService.swift */,
			);
			path = Services;
			sourceTree = "<group>";
		};
/* End PBXGroup section */

/* Begin PBXNativeTarget section */
		A8A37EB5291FAF6200389AFD /* MovieDatabase */ = {
			isa = PBXNativeTarget;
			buildConfigurationList = A8A37EC4291FAF6500389AFD /* Build configuration list for PBXNativeTarget "MovieDatabase" */;
			buildPhases = (
				A8A37EB2291FAF6200389AFD /* Sources */,
				A8A37EB3291FAF6200389AFD /* Frameworks */,
				A8A37EB4291FAF6200389AFD /* Resources */,
			);
			buildRules = (
			);
			dependencies = (
			);
			name = MovieDatabase;
			packageProductDependencies = (
				A828C75E292124190090B6A4 /* SDWebImageSwiftUI */,
			);
			productName = MovieDatabase;
			productReference = A8A37EB6291FAF6200389AFD /* MovieDatabase.app */;
			productType = "com.apple.product-type.application";
		};
/* End PBXNativeTarget section */

/* Begin PBXProject section */
		A8A37EAE291FAF6200389AFD /* Project object */ = {
			isa = PBXProject;
			attributes = {
				BuildIndependentTargetsInParallel = 1;
				LastSwiftUpdateCheck = 1400;
				LastUpgradeCheck = 1400;
				TargetAttributes = {
					A8A37EB5291FAF6200389AFD = {
						CreatedOnToolsVersion = 14.0;
					};
				};
			};
			buildConfigurationList = A8A37EB1291FAF6200389AFD /* Build configuration list for PBXProject "MovieDatabase" */;
			compatibilityVersion = "Xcode 14.0";
			developmentRegion = en;
			hasScannedForEncodings = 0;
			knownRegions = (
				en,
				Base,
			);
			mainGroup = A8A37EAD291FAF6200389AFD;
			packageReferences = (
				A828C75D292124190090B6A4 /* XCRemoteSwiftPackageReference "SDWebImageSwiftUI" */,
			);
			productRefGroup = A8A37EB7291FAF6200389AFD /* Products */;
			projectDirPath = "";
			projectRoot = "";
			targets = (
				A8A37EB5291FAF6200389AFD /* MovieDatabase */,
			);
		};
/* End PBXProject section */

/* Begin PBXResourcesBuildPhase section */
		A8A37EB4291FAF6200389AFD /* Resources */ = {
			isa = PBXResourcesBuildPhase;
			buildActionMask = 2147483647;
			files = (
				A8A37EC1291FAF6500389AFD /* Preview Assets.xcassets in Resources */,
				A8A37EBE291FAF6500389AFD /* Assets.xcassets in Resources */,
			);
			runOnlyForDeploymentPostprocessing = 0;
		};
/* End PBXResourcesBuildPhase section */

/* Begin PBXSourcesBuildPhase section */
		A8A37EB2291FAF6200389AFD /* Sources */ = {
			isa = PBXSourcesBuildPhase;
			buildActionMask = 2147483647;
			files = (
				A828C75729211D850090B6A4 /* MovieModel.swift in Sources */,
				A828C763292133AE0090B6A4 /* String.swift in Sources */,
				A8A37EBC291FAF6200389AFD /* ContentView.swift in Sources */,
				A8A37ECF291FB22200389AFD /* HomeView.swift in Sources */,
				A8BF7422292250FE00DE0B77 /* MovieDetailModel.swift in Sources */,
				A828C7552920D3000090B6A4 /* MovieDetailsView.swift in Sources */,
				A828C75929211DCD0090B6A4 /* VM_HomeView.swift in Sources */,
				A8BF74242922548300DE0B77 /* VM_MovieDetailsView.swift in Sources */,
				A8A37EBA291FAF6200389AFD /* MovieDatabaseApp.swift in Sources */,
				A828C75C292121CC0090B6A4 /* PreviewProvider.swift in Sources */,
				A8BF74262922871F00DE0B77 /* DetailsCompanyCardView.swift in Sources */,
				A828C7612921317E0090B6A4 /* Date.swift in Sources */,
				A8A37ED2291FC8A500389AFD /* NetworkingManager.swift in Sources */,
				A8A37ED5291FC8E400389AFD /* MovieListDataService.swift in Sources */,
				A8BF74202922503600DE0B77 /* MovieDetailsDataService.swift in Sources */,
				A8B3621D2923A2650003E3C9 /* Int.swift in Sources */,
				A828C7502920D0210090B6A4 /* MovieCardView.swift in Sources */,
				A8A37ECA291FB00800389AFD /* Global.swift in Sources */,
				A8B3621F2923AEE90003E3C9 /* SimilarMoviesListDataService.swift in Sources */,
			);
			runOnlyForDeploymentPostprocessing = 0;
		};
/* End PBXSourcesBuildPhase section */

/* Begin XCBuildConfiguration section */
		A8A37EC2291FAF6500389AFD /* Debug */ = {
			isa = XCBuildConfiguration;
			buildSettings = {
				ALWAYS_SEARCH_USER_PATHS = NO;
				CLANG_ANALYZER_NONNULL = YES;
				CLANG_ANALYZER_NUMBER_OBJECT_CONVERSION = YES_AGGRESSIVE;
				CLANG_CXX_LANGUAGE_STANDARD = "gnu++20";
				CLANG_ENABLE_MODULES = YES;
				CLANG_ENABLE_OBJC_ARC = YES;
				CLANG_ENABLE_OBJC_WEAK = YES;
				CLANG_WARN_BLOCK_CAPTURE_AUTORELEASING = YES;
				CLANG_WARN_BOOL_CONVERSION = YES;
				CLANG_WARN_COMMA = YES;
				CLANG_WARN_CONSTANT_CONVERSION = YES;
				CLANG_WARN_DEPRECATED_OBJC_IMPLEMENTATIONS = YES;
				CLANG_WARN_DIRECT_OBJC_ISA_USAGE = YES_ERROR;
				CLANG_WARN_DOCUMENTATION_COMMENTS = YES;
				CLANG_WARN_EMPTY_BODY = YES;
				CLANG_WARN_ENUM_CONVERSION = YES;
				CLANG_WARN_INFINITE_RECURSION = YES;
				CLANG_WARN_INT_CONVERSION = YES;
				CLANG_WARN_NON_LITERAL_NULL_CONVERSION = YES;
				CLANG_WARN_OBJC_IMPLICIT_RETAIN_SELF = YES;
				CLANG_WARN_OBJC_LITERAL_CONVERSION = YES;
				CLANG_WARN_OBJC_ROOT_CLASS = YES_ERROR;
				CLANG_WARN_QUOTED_INCLUDE_IN_FRAMEWORK_HEADER = YES;
				CLANG_WARN_RANGE_LOOP_ANALYSIS = YES;
				CLANG_WARN_STRICT_PROTOTYPES = YES;
				CLANG_WARN_SUSPICIOUS_MOVE = YES;
				CLANG_WARN_UNGUARDED_AVAILABILITY = YES_AGGRESSIVE;
				CLANG_WARN_UNREACHABLE_CODE = YES;
				CLANG_WARN__DUPLICATE_METHOD_MATCH = YES;
				COPY_PHASE_STRIP = NO;
				DEBUG_INFORMATION_FORMAT = dwarf;
				ENABLE_STRICT_OBJC_MSGSEND = YES;
				ENABLE_TESTABILITY = YES;
				GCC_C_LANGUAGE_STANDARD = gnu11;
				GCC_DYNAMIC_NO_PIC = NO;
				GCC_NO_COMMON_BLOCKS = YES;
				GCC_OPTIMIZATION_LEVEL = 0;
				GCC_PREPROCESSOR_DEFINITIONS = (
					"DEBUG=1",
					"$(inherited)",
				);
				GCC_WARN_64_TO_32_BIT_CONVERSION = YES;
				GCC_WARN_ABOUT_RETURN_TYPE = YES_ERROR;
				GCC_WARN_UNDECLARED_SELECTOR = YES;
				GCC_WARN_UNINITIALIZED_AUTOS = YES_AGGRESSIVE;
				GCC_WARN_UNUSED_FUNCTION = YES;
				GCC_WARN_UNUSED_VARIABLE = YES;
				IPHONEOS_DEPLOYMENT_TARGET = 16.0;
				MTL_ENABLE_DEBUG_INFO = INCLUDE_SOURCE;
				MTL_FAST_MATH = YES;
				ONLY_ACTIVE_ARCH = YES;
				SDKROOT = iphoneos;
				SWIFT_ACTIVE_COMPILATION_CONDITIONS = DEBUG;
				SWIFT_OPTIMIZATION_LEVEL = "-Onone";
			};
			name = Debug;
		};
		A8A37EC3291FAF6500389AFD /* Release */ = {
			isa = XCBuildConfiguration;
			buildSettings = {
				ALWAYS_SEARCH_USER_PATHS = NO;
				CLANG_ANALYZER_NONNULL = YES;
				CLANG_ANALYZER_NUMBER_OBJECT_CONVERSION = YES_AGGRESSIVE;
				CLANG_CXX_LANGUAGE_STANDARD = "gnu++20";
				CLANG_ENABLE_MODULES = YES;
				CLANG_ENABLE_OBJC_ARC = YES;
				CLANG_ENABLE_OBJC_WEAK = YES;
				CLANG_WARN_BLOCK_CAPTURE_AUTORELEASING = YES;
				CLANG_WARN_BOOL_CONVERSION = YES;
				CLANG_WARN_COMMA = YES;
				CLANG_WARN_CONSTANT_CONVERSION = YES;
				CLANG_WARN_DEPRECATED_OBJC_IMPLEMENTATIONS = YES;
				CLANG_WARN_DIRECT_OBJC_ISA_USAGE = YES_ERROR;
				CLANG_WARN_DOCUMENTATION_COMMENTS = YES;
				CLANG_WARN_EMPTY_BODY = YES;
				CLANG_WARN_ENUM_CONVERSION = YES;
				CLANG_WARN_INFINITE_RECURSION = YES;
				CLANG_WARN_INT_CONVERSION = YES;
				CLANG_WARN_NON_LITERAL_NULL_CONVERSION = YES;
				CLANG_WARN_OBJC_IMPLICIT_RETAIN_SELF = YES;
				CLANG_WARN_OBJC_LITERAL_CONVERSION = YES;
				CLANG_WARN_OBJC_ROOT_CLASS = YES_ERROR;
				CLANG_WARN_QUOTED_INCLUDE_IN_FRAMEWORK_HEADER = YES;
				CLANG_WARN_RANGE_LOOP_ANALYSIS = YES;
				CLANG_WARN_STRICT_PROTOTYPES = YES;
				CLANG_WARN_SUSPICIOUS_MOVE = YES;
				CLANG_WARN_UNGUARDED_AVAILABILITY = YES_AGGRESSIVE;
				CLANG_WARN_UNREACHABLE_CODE = YES;
				CLANG_WARN__DUPLICATE_METHOD_MATCH = YES;
				COPY_PHASE_STRIP = NO;
				DEBUG_INFORMATION_FORMAT = "dwarf-with-dsym";
				ENABLE_NS_ASSERTIONS = NO;
				ENABLE_STRICT_OBJC_MSGSEND = YES;
				GCC_C_LANGUAGE_STANDARD = gnu11;
				GCC_NO_COMMON_BLOCKS = YES;
				GCC_WARN_64_TO_32_BIT_CONVERSION = YES;
				GCC_WARN_ABOUT_RETURN_TYPE = YES_ERROR;
				GCC_WARN_UNDECLARED_SELECTOR = YES;
				GCC_WARN_UNINITIALIZED_AUTOS = YES_AGGRESSIVE;
				GCC_WARN_UNUSED_FUNCTION = YES;
				GCC_WARN_UNUSED_VARIABLE = YES;
				IPHONEOS_DEPLOYMENT_TARGET = 16.0;
				MTL_ENABLE_DEBUG_INFO = NO;
				MTL_FAST_MATH = YES;
				SDKROOT = iphoneos;
				SWIFT_COMPILATION_MODE = wholemodule;
				SWIFT_OPTIMIZATION_LEVEL = "-O";
				VALIDATE_PRODUCT = YES;
			};
			name = Release;
		};
		A8A37EC5291FAF6500389AFD /* Debug */ = {
			isa = XCBuildConfiguration;
			buildSettings = {
				ASSETCATALOG_COMPILER_APPICON_NAME = AppIcon;
				ASSETCATALOG_COMPILER_GLOBAL_ACCENT_COLOR_NAME = AccentColor;
				CODE_SIGN_STYLE = Automatic;
				CURRENT_PROJECT_VERSION = 1;
				DEVELOPMENT_ASSET_PATHS = "\"MovieDatabase/Preview Content\"";
				DEVELOPMENT_TEAM = A8UD4U7C7A;
				ENABLE_PREVIEWS = YES;
				GENERATE_INFOPLIST_FILE = YES;
				INFOPLIST_KEY_UIApplicationSceneManifest_Generation = YES;
				INFOPLIST_KEY_UIApplicationSupportsIndirectInputEvents = YES;
				INFOPLIST_KEY_UILaunchScreen_Generation = YES;
				INFOPLIST_KEY_UISupportedInterfaceOrientations = UIInterfaceOrientationPortrait;
				INFOPLIST_KEY_UIUserInterfaceStyle = Light;
				LD_RUNPATH_SEARCH_PATHS = (
					"$(inherited)",
					"@executable_path/Frameworks",
				);
				MARKETING_VERSION = 1.0;
				PRODUCT_BUNDLE_IDENTIFIER = bellicreative.com.MovieDatabase;
				PRODUCT_NAME = "$(TARGET_NAME)";
				SWIFT_EMIT_LOC_STRINGS = YES;
				SWIFT_VERSION = 5.0;
				TARGETED_DEVICE_FAMILY = "1,2";
			};
			name = Debug;
		};
		A8A37EC6291FAF6500389AFD /* Release */ = {
			isa = XCBuildConfiguration;
			buildSettings = {
				ASSETCATALOG_COMPILER_APPICON_NAME = AppIcon;
				ASSETCATALOG_COMPILER_GLOBAL_ACCENT_COLOR_NAME = AccentColor;
				CODE_SIGN_STYLE = Automatic;
				CURRENT_PROJECT_VERSION = 1;
				DEVELOPMENT_ASSET_PATHS = "\"MovieDatabase/Preview Content\"";
				DEVELOPMENT_TEAM = A8UD4U7C7A;
				ENABLE_PREVIEWS = YES;
				GENERATE_INFOPLIST_FILE = YES;
				INFOPLIST_KEY_UIApplicationSceneManifest_Generation = YES;
				INFOPLIST_KEY_UIApplicationSupportsIndirectInputEvents = YES;
				INFOPLIST_KEY_UILaunchScreen_Generation = YES;
				INFOPLIST_KEY_UISupportedInterfaceOrientations = UIInterfaceOrientationPortrait;
				INFOPLIST_KEY_UIUserInterfaceStyle = Light;
				LD_RUNPATH_SEARCH_PATHS = (
					"$(inherited)",
					"@executable_path/Frameworks",
				);
				MARKETING_VERSION = 1.0;
				PRODUCT_BUNDLE_IDENTIFIER = bellicreative.com.MovieDatabase;
				PRODUCT_NAME = "$(TARGET_NAME)";
				SWIFT_EMIT_LOC_STRINGS = YES;
				SWIFT_VERSION = 5.0;
				TARGETED_DEVICE_FAMILY = "1,2";
			};
			name = Release;
		};
/* End XCBuildConfiguration section */

/* Begin XCConfigurationList section */
		A8A37EB1291FAF6200389AFD /* Build configuration list for PBXProject "MovieDatabase" */ = {
			isa = XCConfigurationList;
			buildConfigurations = (
				A8A37EC2291FAF6500389AFD /* Debug */,
				A8A37EC3291FAF6500389AFD /* Release */,
			);
			defaultConfigurationIsVisible = 0;
			defaultConfigurationName = Release;
		};
		A8A37EC4291FAF6500389AFD /* Build configuration list for PBXNativeTarget "MovieDatabase" */ = {
			isa = XCConfigurationList;
			buildConfigurations = (
				A8A37EC5291FAF6500389AFD /* Debug */,
				A8A37EC6291FAF6500389AFD /* Release */,
			);
			defaultConfigurationIsVisible = 0;
			defaultConfigurationName = Release;
		};
/* End XCConfigurationList section */

/* Begin XCRemoteSwiftPackageReference section */
		A828C75D292124190090B6A4 /* XCRemoteSwiftPackageReference "SDWebImageSwiftUI" */ = {
			isa = XCRemoteSwiftPackageReference;
			repositoryURL = "https://github.com/SDWebImage/SDWebImageSwiftUI";
			requirement = {
				branch = master;
				kind = branch;
			};
		};
/* End XCRemoteSwiftPackageReference section */

/* Begin XCSwiftPackageProductDependency section */
		A828C75E292124190090B6A4 /* SDWebImageSwiftUI */ = {
			isa = XCSwiftPackageProductDependency;
			package = A828C75D292124190090B6A4 /* XCRemoteSwiftPackageReference "SDWebImageSwiftUI" */;
			productName = SDWebImageSwiftUI;
		};
/* End XCSwiftPackageProductDependency section */
	};
	rootObject = A8A37EAE291FAF6200389AFD /* Project object */;
}
